github.com/Sirupsen/logrus v0.8.7 h1:hGa+d4KZNNNDmzAj6vlkeOQsgjrh8zg4EXB81mWoTm4=
github.com/Sirupsen/logrus v0.8.7/go.mod h1:rmk17hk6i8ZSAJkSDa7nOxamrG+SP4P0mm+DAvExv4U=
github.com/bmizerany/assert v0.0.0-20160611221934-b7ed37b82869 h1:DDGfHa7BWjL4YnC6+E63dPcxHo2sUxDIu8g3QgEJdRY=
github.com/bmizerany/assert v0.0.0-20160611221934-b7ed37b82869/go.mod h1:Ekp36dRnpXw/yCqJaO+ZrUyxD+3VXMFFr56k5XYrpB4=
github.com/davecgh/go-spew v1.1.0 h1:ZDRjVQ15GmhC3fiQ8ni8+OwkZQO4DARzQgrnXU1Liz8=
github.com/davecgh/go-spew v1.1.0/go.mod h1:J7Y8YcW2NihsgmVo/mv3lAwl/skON4iLHjSsI+c5H38=
github.com/gorilla/context v0.0.0-20150820051245-1c83b3eabd45 h1:f69IpTg7NxbCoH51W7oD+gPkojLLvi6ybJ6Iya76wB8=
github.com/gorilla/context v0.0.0-20150820051245-1c83b3eabd45/go.mod h1:kBGZzfjB9CEq2AlWe17Uuf7NDRt0dE0s8S51q0aT7Yg=
github.com/gorilla/mux v0.0.0-20150908165839-49c024275504 h1:+8ZTptweg7pCIymRVkFGnZgZ3ttDt++xgkxyeAwxMPY=
github.com/gorilla/mux v0.0.0-20150908165839-49c024275504/go.mod h1:1lud6UwP+6orDFRuTfBEV8e9/aOM/c4fVVCaMa2zaAs=
github.com/jehiah/go-strftime v0.0.0-20151206194810-2efbe75097a5 h1:E1bpycfzgfdJWK32+GOJDYVrep2fbX6cN6tYiXd+CGY=
github.com/jehiah/go-strftime v0.0.0-20151206194810-2efbe75097a5/go.mod h1:cJ6Cj7dQo+O6GJNiMx+Pa94qKj+TG8ONdKHgMNIyyag=
github.com/kr/pretty v0.1.0 h1:L/CwN0zerZDmRFUapSPitk6f+Q3+0za1rQkzVuMiMFI=
github.com/kr/pretty v0.1.0/go.mod h1:dAy3ld7l9f0ibDNOQOHHMYYIIbhfbHSm3C4ZsoJORNo=
github.com/kr/pty v1.1.1/go.mod h1:pFQYn66WHrOpPYNljwOMqo10TkYh1fy3cYio2l3bCsQ=
github.com/kr/text v0.1.0 h1:45sCR5RtlFHMR4UwH9sdQ5TC8v0qDQCHnXt+kaKSTVE=
github.com/kr/text v0.1.0/go.mod h1:4Jbv+DJW3UT/LiOwJeYQe1efqtUx/iVham/4vfdArNI=
github.com/pmezard/go-difflib v1.0.0 h1:4DBwDE0NGyQoBHbLQYPwSUPoCMWR5BEzIk/f1lZbAQM=
github.com/pmezard/go-difflib v1.0.0/go.mod h1:iKH77koFhYxTK1pcRnkKkqfTogsbg7gZNVY4sRDYZ/4=
github.com/segmentio/analytics-go v0.0.0-20151229202012-a3bcbc9544d2 h1:JxCY/CsI45+VmmzG5QGsFcAT3sW2N5yZV+JLPtOw9f8=
github.com/segmentio/analytics-go v0.0.0-20151229202012-a3bcbc9544d2/go.mod h1:C7CYBtQWk4vRk2RyLu0qOcbHJ18E3F1HV2C/8JvKN48=
github.com/segmentio/backo-go v0.0.0-20150801210619-ed3adc599ae5 h1:c3Ac4AKbpGabFqp4LCj8qpcfImMQU/9EWWbFXPbA6JU=
github.com/segmentio/backo-go v0.0.0-20150801210619-ed3adc599ae5/go.mod h1:kJ9mm9YmoWSkk+oQ+5Cj8DEoRCX2JT6As4kEtIIOp1M=
github.com/stretchr/objx v0.1.0/go.mod h1:HFkY916IF+rwdDfMAkV7OtwuqBVzrE8GR6GFx+wExME=
github.com/stretchr/testify v1.3.0 h1:TivCn/peBQ7UY8ooIcPgZFpTNSz0Q2U6UrFlUfqbe0Q=
github.com/stretchr/testify v1.3.0/go.mod h1:M5WIy9Dh21IEIfnGCwXGc5bZfKNJtfHm1UVUgZn+9EI=
github.com/xtgo/uuid v0.0.0-20140804021211-a0b114877d4c h1:3lbZUMbMiGUW/LMkfsEABsc5zNT9+b1CvsJx47JzJ8g=
github.com/xtgo/uuid v0.0.0-20140804021211-a0b114877d4c/go.mod h1:UrdRz5enIKZ63MEE3IF9l2/ebyx59GyGgPi+tICQdmM=
